{
  "version": "5",
  "specifiers": {
    "jsr:@bradenmacdonald/s3-lite-client@~0.9.6": "0.9.6",
    "jsr:@cliffy/command@1.2.1": "1.2.1",
    "jsr:@cliffy/flags@1.2.1": "1.2.1",
    "jsr:@cliffy/internal@1.2.1": "1.2.1",
    "jsr:@cliffy/table@1.2.1": "1.2.1",
    "jsr:@danet/core@2": "2.11.3",
    "jsr:@danet/core@2.11.3": "2.11.3",
    "jsr:@danet/core@^2.5.1": "2.11.3",
    "jsr:@danet/swagger@2.3.2": "2.3.2",
    "jsr:@danet/validatte@0.7.4": "0.7.4",
    "jsr:@danet/zod@0.0.7": "0.0.7",
    "jsr:@dx/reflect@0.2.14": "0.2.14",
    "jsr:@hono/hono@4.6.3": "4.6.3",
    "jsr:@std/archive@~0.225.4": "0.225.4",
    "jsr:@std/bytes@^1.0.2": "1.0.6",
    "jsr:@std/bytes@^1.0.6": "1.0.6",
    "jsr:@std/crypto@^1.1.0": "1.1.0",
    "jsr:@std/encoding@^1.0.11": "1.0.11",
    "jsr:@std/fmt@0.223.0": "0.223.0",
    "jsr:@std/fmt@^1.0.10": "1.0.10",
    "jsr:@std/fs@^1.0.24": "1.0.24",
    "jsr:@std/internal@^1.0.14": "1.0.14",
    "jsr:@std/io@~0.224.9": "0.224.9",
    "jsr:@std/io@~0.225.3": "0.225.3",
    "jsr:@std/path@1.0.6": "1.0.6",
    "jsr:@std/path@^1.1.5": "1.1.6",
    "jsr:@std/path@^1.1.6": "1.1.6",
    "jsr:@std/semver@^1.0.8": "1.0.8",
    "jsr:@std/streams@^1.1.1": "1.1.1",
    "jsr:@std/text@^1.0.19": "1.0.19",
    "jsr:@zip-js/zip-js@2.8.34": "2.8.34",
    "npm:@anatine/zod-openapi@2.2.6": "2.2.6_openapi3-ts@4.6.0_zod@3.23.8",
    "npm:awesome-phonenumber@7.1.0": "7.1.0",
    "npm:mustache@4.2.0": "4.2.0",
    "npm:openpgp@5.11.3": "5.11.3",
    "npm:path-to-regexp@6.2.1": "6.2.1",
    "npm:webdav@*": "5.10.0",
    "npm:zod@3.23.8": "3.23.8"
  },
  "jsr": {
    "@bradenmacdonald/s3-lite-client@0.9.6": {
      "integrity": "5dac4eb9ce4d8574ce2eb21e1cff1e96b409ca3ba333913a8bbf918710dc50d9"
    },
    "@cliffy/command@1.2.1": {
      "integrity": "b7b017c81560d96580ea810c8564566884d8194416f6fc06bfdc8846e8fd590f",
      "dependencies": [
        "jsr:@cliffy/flags",
        "jsr:@cliffy/internal",
        "jsr:@cliffy/table",
        "jsr:@std/fmt@^1.0.10",
        "jsr:@std/semver",
        "jsr:@std/text"
      ]
    },
    "@cliffy/flags@1.2.1": {
      "integrity": "10034920ef7595db586fecec5a3b10a4ec800c513cbbc368414cd748dac706fb",
      "dependencies": [
        "jsr:@cliffy/internal",
        "jsr:@std/text"
      ]
    },
    "@cliffy/internal@1.2.1": {
      "integrity": "e398f41c6839d3d4d249c963bfcb1058013091425926d53a3cb482b1ca70684b"
    },
    "@cliffy/table@1.2.1": {
      "integrity": "be333e62f2c754f8bf75a38c8177515b152040572c9f75298e9bcef1314b82ff",
      "dependencies": [
        "jsr:@std/fmt@^1.0.10"
      ]
    },
    "@danet/core@2.11.3": {
      "integrity": "d64b7060aeaebc59e4f3b2519daf1425bf788e6985f8e2392f66bb5def9ebf2f",
      "dependencies": [
        "jsr:@danet/validatte",
        "jsr:@dx/reflect",
        "jsr:@hono/hono",
        "jsr:@std/fmt@0.223.0"
      ]
    },
    "@danet/swagger@2.3.2": {
      "integrity": "3c6dbc0eff37ce9fa9bf338f1876e607264d895efcc41ac8726da417f26e9658",
      "dependencies": [
        "jsr:@danet/core@2",
        "jsr:@danet/zod",
        "jsr:@std/path@1.0.6",
        "npm:@anatine/zod-openapi",
        "npm:path-to-regexp",
        "npm:zod"
      ]
    },
    "@danet/validatte@0.7.4": {
      "integrity": "338bca670a5af1dd42214fcde0912de37d9a9d3ce1415cd2abdb6b1c27c46f89",
      "dependencies": [
        "npm:awesome-phonenumber"
      ]
    },
    "@danet/zod@0.0.7": {
      "integrity": "1ce7c696b69bff6bbbd788bd4a5955cd24e8c5a8cb117c57dabb03e31968bbee",
      "dependencies": [
        "jsr:@danet/core@^2.5.1",
        "npm:zod"
      ]
    },
    "@dx/reflect@0.2.14": {
      "integrity": "53e1cb54e25170f43d90966679fcd7d6e0d27e23f4f1c869330d339576f446be"
    },
    "@hono/hono@4.6.3": {
      "integrity": "a1f5a18cd12a0db54755b0461dd5a4e2d93a6f85403073eb710103eacc42daf3"
    },
    "@std/archive@0.225.4": {
      "integrity": "59fe5d1834cbb6a2a7913b102d41c11d51475328d5b843bea75b94a40b44a115",
      "dependencies": [
        "jsr:@std/io@~0.224.9"
      ]
    },
    "@std/bytes@1.0.6": {
      "integrity": "f6ac6adbd8ccd99314045f5703e23af0a68d7f7e58364b47d2c7f408aeb5820a"
    },
    "@std/crypto@1.1.0": {
      "integrity": "b8d6d0a6377a32b213af2661ed7bf1062d94feac0c57def5526a8e74a95c3ec8"
    },
    "@std/encoding@1.0.11": {
      "integrity": "e7cef2f0b3153bccc17431e7c864a1de03a4b6d9647389c43e08aaa775d37385"
    },
    "@std/fmt@0.223.0": {
      "integrity": "6deb37794127dfc7d7bded2586b9fc6f5d50e62a8134846608baf71ffc1a5208"
    },
    "@std/fmt@1.0.10": {
      "integrity": "90dfba288802ac6de82fb31d0917eb9e4450b9925b954d5e51fc29ac07419db5"
    },
    "@std/fs@1.0.24": {
      "integrity": "f3061b45b81673a2bece689da041df32d174be064c89eb6397fb5718d3fb7877",
      "dependencies": [
        "jsr:@std/internal",
        "jsr:@std/path@^1.1.5"
      ]
    },
    "@std/internal@1.0.14": {
      "integrity": "291516b3d4c35024d6ffbc0a9df5bf4c64116e05b50012cf846710152d2ffdf7"
    },
    "@std/io@0.224.9": {
      "integrity": "4414664b6926f665102e73c969cfda06d2c4c59bd5d0c603fd4f1b1c840d6ee3",
      "dependencies": [
        "jsr:@std/bytes@^1.0.2"
      ]
    },
    "@std/io@0.225.3": {
      "integrity": "27b07b591384d12d7b568f39e61dff966b8230559122df1e9fd11cc068f7ddd1",
      "dependencies": [
        "jsr:@std/bytes@^1.0.6"
      ]
    },
    "@std/path@1.0.6": {
      "integrity": "ab2c55f902b380cf28e0eec501b4906e4c1960d13f00e11cfbcd21de15f18fed"
    },
    "@std/path@1.1.6": {
      "integrity": "c68485c2a4dfbb5ae3cc74fae4e8c4e5d874cf8a8ed12927917235c758b46cbe",
      "dependencies": [
        "jsr:@std/internal"
      ]
    },
    "@std/semver@1.0.8": {
      "integrity": "dc830e8b8b6a380c895d53fbfd1258dc253704ca57bbe1629ac65fd7830179b7"
    },
    "@std/streams@1.1.1": {
      "integrity": "92556d350e537e9dce527a6d08f6f15be3ff65e656079dea69d15252187c7613",
      "dependencies": [
        "jsr:@std/bytes@^1.0.6"
      ]
    },
    "@std/text@1.0.19": {
      "integrity": "003a0e032d360e8c3a4e0410fb792c77a66bd6553fee9d60c6ec1bce30d29223"
    },
    "@zip-js/zip-js@2.8.34": {
      "integrity": "65f9aff4ace08c738c3e3887975a206e4976ecfc7e1b62a876bc7c848ae5cb0b"
    }
  },
  "npm": {
    "@anatine/zod-openapi@2.2.6_openapi3-ts@4.6.0_zod@3.23.8": {
      "integrity": "sha512-Z5sr2Nq2xifEpPbPdUcvyl776LY652oR3VHMV++WFSmRrRL8RDP2XTkbuGn+vgfVNOD7UrndYwCWnxaiw7IZog==",
      "dependencies": [
        "openapi3-ts",
        "ts-deepmerge",
        "zod"
      ]
    },
    "@buttercup/fetch@0.2.1": {
      "integrity": "sha512-sCgECOx8wiqY8NN1xN22BqqKzXYIG2AicNLlakOAI4f0WgyLVUbAigMf8CZhBtJxdudTcB1gD5lciqi44jwJvg==",
      "optionalDependencies": [
        "node-fetch"
      ]
    },
    "@nodable/entities@3.0.0": {
      "integrity": "sha512-8L9xFeTYKhm49xfIypoe2W5wV1m/3Z58kT+7kR9A8OyFxcPduI4VmxaUMQyKYrRjUoLLSXv6EKKID5Tvj9cUVw=="
    },
    "anynum@1.0.1": {
      "integrity": "sha512-N6//FLET/tXYNM/F6ABca1oH6fWB+KlTt909Le28WMDBk8oaT4vY17DCrwg2MvmuqUKt3Ni4N5dGJ/EoBgcO6A=="
    },
    "asn1.js@5.4.1": {
      "integrity": "sha512-+I//4cYPccV8LdmBLiX8CYvf9Sp3vQsrqu2QNXRcrbiWvcx/UdlFiqUJJzxRQxgsZmvhXhn4cSKeSmoFjVdupA==",
      "dependencies": [
        "bn.js",
        "inherits",
        "minimalistic-assert",
        "safer-buffer"
      ]
    },
    "awesome-phonenumber@7.1.0": {
      "integrity": "sha512-i/pC5xvaNVrduufGtnw8O+abLWq70wd6YutiPYR2NqrnwtjBMk7rG/vJTktnAivSok+ZqlkFZzuVICgObpQi4w=="
    },
    "balanced-match@1.0.2": {
      "integrity": "sha512-3oSeUO0TMV67hN1AmbXsK4yaqU7tjiHlbxRDZOpH0KW9+CeX4bRAaX0Anxt0tx2MrpRpWwQaPwIlISEJhYU5Pw=="
    },
    "base-64@1.0.0": {
      "integrity": "sha512-kwDPIFCGx0NZHog36dj+tHiwP4QMzsZ3AgMViUBKI0+V5n4U0ufTCUMhnQ04diaRI8EX/QcPfql7zlhZ7j4zgg=="
    },
    "bn.js@4.12.5": {
      "integrity": "sha512-3aRg6/JxfffFD+OlOjOFR3Vo79l39ooBTFucxx+MT3dhCtzn3EmiUPQo+6/OZuI2jbXi3YKgmiTFBgChQMwIRQ=="
    },
    "brace-expansion@2.1.2": {
      "integrity": "sha512-w5JZcKgdhDOgOwm8H+KgbosopHMuGcl6qbulwjtz3SM7I7P3yW1eAjzMPLrIE+NQ9vjgANKHWeMHnrT0OXW1oA==",
      "dependencies": [
        "balanced-match"
      ]
    },
    "byte-length@1.0.2": {
      "integrity": "sha512-ovBpjmsgd/teRmgcPh23d4gJvxDoXtAzEL9xTfMU8Yc2kqCDb7L9jAG0XHl1nzuGl+h3ebCIF1i62UFyA9V/2Q=="
    },
    "charenc@0.0.2": {
      "integrity": "sha512-yrLQ/yVUFXkzg7EDQsPieE/53+0RlaWTs+wBrvW36cyilJ2SaDWfl4Yj7MtLTXleV9uEKefbAGUPv2/iWSooRA=="
    },
    "crypt@0.0.2": {
      "integrity": "sha512-mCxBlsHFYh9C+HVpiEacem8FEBnMXgU9gy4zmNC+SXAZNB/1idgp/aulFJ4FgCi7GPEVbfyng092GqL2k2rmow=="
    },
    "data-uri-to-buffer@4.0.1": {
      "integrity": "sha512-0R9ikRb668HB7QDxT1vkpuUBtqc53YyAwMwGeUFKRojY/NWKvdZ+9UYtRfGmhqNbRkTSVpMbmyhXipFFv2cb/A=="
    },
    "entities@6.0.1": {
      "integrity": "sha512-aN97NXWF6AWBTahfVOIrB/NShkzi5H7F9r1s9mD3cDj4Ko5f2qhhVoYMibXF7GlLveb/D2ioWay8lxI97Ven3g=="
    },
    "fast-xml-builder@1.3.0": {
      "integrity": "sha512-F74cZEdCvuw9P41GAC3rod4X04jjWGM1JPEv/GWSqFTWLsdyMSBMBMlm9Hk3GLBgLBbdBNY8yee0pQh2RBVESQ==",
      "dependencies": [
        "path-expression-matcher",
        "xml-naming"
      ]
    },
    "fast-xml-parser@5.10.1": {
      "integrity": "sha512-IEMIf7298kXuZSRFoGfMYrl7is8LpavODgbNz1cwIudv7KwVFnuU+UsMporfq6PD6aXSlawZlARiA3UywCTfMw==",
      "dependencies": [
        "@nodable/entities",
        "fast-xml-builder",
        "is-unsafe",
        "path-expression-matcher",
        "strnum",
        "xml-naming"
      ],
      "bin": true
    },
    "fetch-blob@3.2.0": {
      "integrity": "sha512-7yAQpD2UMJzLi1Dqv7qFYnPbaPx7ZfFK6PiIxQ4PfkGPyNyl2Ugx+a/umUonmKqjhM4DnfbMvdX6otXq83soQQ==",
      "dependencies": [
        "node-domexception",
        "web-streams-polyfill"
      ]
    },
    "formdata-polyfill@4.0.10": {
      "integrity": "sha512-buewHzMvYL29jdeQTVILecSaZKnt/RJWjoZCF5OW60Z67/GmSLBkOFM7qh1PI3zFNtJbaZL5eQu1vLfazOwj4g==",
      "dependencies": [
        "fetch-blob"
      ]
    },
    "hot-patcher@2.0.1": {
      "integrity": "sha512-ECg1JFG0YzehicQaogenlcs2qg6WsXQsxtnbr1i696u5tLUjtJdQAh0u2g0Q5YV45f263Ta1GnUJsc8WIfJf4Q=="
    },
    "inherits@2.0.4": {
      "integrity": "sha512-k/vGaX4/Yla3WzyMCvTQOXYeIHvqOKtnqBduzTHpzpQZzAskKMhZ2K+EnBiSM9zGSoIFeMpXKxa4dYeZIQqewQ=="
    },
    "is-buffer@1.1.6": {
      "integrity": "sha512-NcdALwpXkTm5Zvvbk7owOUSvVvBKDgKP5/ewfXEznmQFfs4ZRmanOeKBTjRVjka3QFoN6XJ+9F3USqfHqTaU5w=="
    },
    "is-unsafe@2.0.0": {
      "integrity": "sha512-2LdV822R+wmI86unXA93WCFpL6g+av8ynWk0nrHyJqGop5VoocYsSLFgN8jrfalT6iGeLNM4KXuVSsULP53kEA=="
    },
    "layerr@3.0.0": {
      "integrity": "sha512-tv754Ki2dXpPVApOrjTyRo4/QegVb9eVFq4mjqp4+NM5NaX7syQvN5BBNfV/ZpAHCEHV24XdUVrBAoka4jt3pA=="
    },
    "md5@2.3.0": {
      "integrity": "sha512-T1GITYmFaKuO91vxyoQMFETst+O71VUPEU3ze5GNzDm0OWdP8v1ziTaAEPUr/3kLsY3Sftgz242A1SetQiDL7g==",
      "dependencies": [
        "charenc",
        "crypt",
        "is-buffer"
      ]
    },
    "minimalistic-assert@1.0.1": {
      "integrity": "sha512-UtJcAD4yEaGtjPezWuO9wC4nwUnVH/8/Im3yEHQP4b67cXlD/Qr9hdITCU1xDbSEXg2XKNaP8jsReV7vQd00/A=="
    },
    "minimatch@9.0.9": {
      "integrity": "sha512-OBwBN9AL4dqmETlpS2zasx+vTeWclWzkblfZk7KTA5j3jeOONz/tRCnZomUyvNg83wL5Zv9Ss6HMJXAgL8R2Yg==",
      "dependencies": [
        "brace-expansion"
      ]
    },
    "mustache@4.2.0": {
      "integrity": "sha512-71ippSywq5Yb7/tVYyGbkBggbU8H3u5Rz56fH60jGFgr8uHwxs+aSKeqmluIVzM0m0kB7xQjKS6qPfd0b2ZoqQ==",
      "bin": true
    },
    "nested-property@4.0.0": {
      "integrity": "sha512-yFehXNWRs4cM0+dz7QxCd06hTbWbSkV0ISsqBfkntU6TOY4Qm3Q88fRRLOddkGh2Qq6dZvnKVAahfhjcUvLnyA=="
    },
    "node-domexception@1.0.0": {
      "integrity": "sha512-/jKZoMpw0F8GRwl4/eLROPA3cfcXtLApP0QzLmUT/HuPCZWyB7IY9ZrMeKw2O/nFIqPQB3PVM9aYm0F312AXDQ==",
      "deprecated": true
    },
    "node-fetch@3.3.2": {
      "integrity": "sha512-dRB78srN/l6gqWulah9SrxeYnxeddIG30+GOqK/9OlLVyLg3HPnr6SqOWTWOXKRwC2eGYCkZ59NNuSgvSrpgOA==",
      "dependencies": [
        "data-uri-to-buffer",
        "fetch-blob",
        "formdata-polyfill"
      ]
    },
    "openapi3-ts@4.6.0": {
      "integrity": "sha512-a4sfn6L2sIShhtzJqmjGrARvxAW/3F2BJDdyRVvNF9VhAsZSh5hSyI3a9TNvmzBxXmq66nY5LNT5bQcBxYAZZg==",
      "dependencies": [
        "yaml"
      ]
    },
    "openpgp@5.11.3": {
      "integrity": "sha512-jXOPfIteBUQ2zSmRG4+Y6PNntIIDEAvoM/lOYCnvpXAByJEruzrHQZWE/0CGOKHbubwUuty2HoPHsqBzyKHOpA==",
      "dependencies": [
        "asn1.js"
      ],
      "deprecated": true
    },
    "path-expression-matcher@1.6.2": {
      "integrity": "sha512-enSlaiat05iasnzmgNxRj8reFdj3puY2QpNgP1aPIaVfT6nn9ICuPoFlKHk8EN22HcwewshO+mN2DGbkCEOtqQ=="
    },
    "path-posix@1.0.0": {
      "integrity": "sha512-1gJ0WpNIiYcQydgg3Ed8KzvIqTsDpNwq+cjBCssvBtuTWjEqY1AW+i+OepiEMqDCzyro9B2sLAe4RBPajMYFiA=="
    },
    "path-to-regexp@6.2.1": {
      "integrity": "sha512-JLyh7xT1kizaEvcaXOQwOc2/Yhw6KZOvPf1S8401UyLk86CU79LN3vl7ztXGm/pZ+YjoyAJ4rxmHwbkBXJX+yw=="
    },
    "querystringify@2.2.0": {
      "integrity": "sha512-FIqgj2EUvTa7R50u0rGsyTftzjYmv/a3hO345bZNrqabNqjtgiDMgmo4mkUjd+nzU5oF3dClKqFIPUKybUyqoQ=="
    },
    "requires-port@1.0.0": {
      "integrity": "sha512-KigOCHcocU3XODJxsu8i/j8T9tzT4adHiecwORRQ0ZZFcp7ahwXuRU1m+yuO90C5ZUyGeGfocHDI14M3L3yDAQ=="
    },
    "safer-buffer@2.1.2": {
      "integrity": "sha512-YZo3K82SD7Riyi0E1EQPojLz7kpepnSQI9IyPbHHg1XXXevb5dJI7tpyN2ADxGcQbHG7vcyRHk0cbwqcQriUtg=="
    },
    "strnum@2.4.1": {
      "integrity": "sha512-M9eUSMT2dCB2cTNPG7UYj6KuK7RJR2SN2+yCV/fTW3xzTCS6EaGZ5pSMgDIjB7r8zSfTGk+dvvn9rTjpVS9Mwg==",
      "dependencies": [
        "anynum"
      ]
    },
    "ts-deepmerge@6.2.1": {
      "integrity": "sha512-8CYSLazCyj0DJDpPIxOFzJG46r93uh6EynYjuey+bxcLltBeqZL7DMfaE5ZPzZNFlav7wx+2TDa/mBl8gkTYzw=="
    },
    "url-join@5.0.0": {
      "integrity": "sha512-n2huDr9h9yzd6exQVnH/jU5mr+Pfx08LRXXZhkLLetAMESRj+anQsTAh940iMrIetKAmry9coFuZQ2jY8/p3WA=="
    },
    "url-parse@1.5.10": {
      "integrity": "sha512-WypcfiRhfeUP9vvF0j6rw0J3hrWrw6iZv3+22h6iRMJ/8z1Tj6XfLP4DsUix5MhMPnXpiHDoKyoZ/bdCkwBCiQ==",
      "dependencies": [
        "querystringify",
        "requires-port"
      ]
    },
    "web-streams-polyfill@3.3.3": {
      "integrity": "sha512-d2JWLCivmZYTSIoge9MsgFCZrt571BikcWGYkjC1khllbTeDlGqZ2D8vD8E/lJa8WGWbb7Plm8/XJYV7IJHZZw=="
    },
    "webdav@5.10.0": {
      "integrity": "sha512-fVPuRLtcduVGvSO7Tn/6TQCzIvI/g6BO/+xPRctCvi/GytYpjn4czxWbh4HsArsdom9qz9BI63k9/v2HBUui1A==",
      "dependencies": [
        "@buttercup/fetch",
        "base-64",
        "byte-length",
        "entities",
        "fast-xml-parser",
        "hot-patcher",
        "layerr",
        "md5",
        "minimatch",
        "nested-property",
        "node-fetch",
        "path-posix",
        "url-join",
        "url-parse"
      ]
    },
    "xml-naming@0.3.0": {
      "integrity": "sha512-ghig2TBE/H11aOVgmahA3MhimvkBr6JIYknH/Dhdk10nXwdbIqBJsbfMxpvFPG8bAw77gN29aQWvKpmVoPlvPQ=="
    },
    "yaml@2.9.0": {
      "integrity": "sha512-2AvhNX3mb8zd6Zy7INTtSpl1F15HW6Wnqj0srWlkKLcpYl/gMIMJiyuGq2KeI2YFxUPjdlB+3Lc10seMLtL4cA==",
      "bin": true
    },
    "zod@3.23.8": {
      "integrity": "sha512-XBx9AXhXktjUqnepgTiE5flcKIYWi/rme0Eaj+5Y0lftuGBq+jyRu/md4WnuxqgP1ubdpNCsYEYPxrzVHD8d6g=="
    }
  },
  "workspace": {
    "dependencies": [
      "jsr:@bradenmacdonald/s3-lite-client@~0.9.6",
      "jsr:@cliffy/command@1.2.1",
      "jsr:@danet/core@2.11.3",
      "jsr:@danet/swagger@2.3.2",
      "jsr:@std/archive@~0.225.4",
      "jsr:@std/assert@^1.0.19",
      "jsr:@std/crypto@^1.1.0",
      "jsr:@std/encoding@^1.0.11",
      "jsr:@std/fs@^1.0.24",
      "jsr:@std/io@~0.225.3",
      "jsr:@std/path@^1.1.6",
      "jsr:@std/streams@^1.1.1",
      "jsr:@zip-js/zip-js@2.8.34",
      "npm:mustache@4.2.0",
      "npm:openpgp@5.11.3",
      "npm:webdav@*"
    ]
  }
}
